Microsoft Visual Studio Solution File, Format Version 12.00
# Visual Studio Version 16
VisualStudioVersion = 16.0.29920.165
MinimumVisualStudioVersion = 15.0.26124.0
Project("{D954291E-2A0B-460D-934E-DC6B0785DB48}") = "UnoEditor.Shared", "UnoEditor.Shared\UnoEditor.Shared.shproj", "{6279C845-92F8-4333-AB99-3D213163593C}"
EndProject
Project("{FAE04EC0-301F-11D3-BF4B-00C04F79EFBC}") = "UnoEditor.Uwp", "UnoEditor.UWP\UnoEditor.Uwp.csproj", "{6D225A0E-43D0-434D-A2D9-3A6CE97A847A}"
EndProject
Project("{FAE04EC0-301F-11D3-BF4B-00C04F79EFBC}") = "UnoEditor.macOS", "UnoEditor.macOS\UnoEditor.macOS.csproj", "{5BD4E465-5A1F-4840-87FD-2ECD2F48EC2F}"
EndProject
Project("{9A19103F-16F7-4668-BE54-9A1E7A4F7556}") = "UnoEditor.Skia.Gtk", "UnoEditor.Skia.Gtk\UnoEditor.Skia.Gtk.csproj", "{A5B8155A-118F-4794-B551-C6F3CF7E5411}"
EndProject
Global
	GlobalSection(SharedMSBuildProjectFiles) = preSolution
		UnoEditor.Shared\UnoEditor.Shared.projitems*{5bd4e465-5a1f-4840-87fd-2ecd2f48ec2f}*SharedItemsImports = 4
		UnoEditor.Shared\UnoEditor.Shared.projitems*{6279c845-92f8-4333-ab99-3d213163593c}*SharedItemsImports = 13
		UnoEditor.Shared\UnoEditor.Shared.projitems*{6d225a0e-43d0-434d-a2d9-3a6ce97a847a}*SharedItemsImports = 4
		UnoEditor.Shared\UnoEditor.Shared.projitems*{a5b8155a-118f-4794-b551-c6f3cf7e5411}*SharedItemsImports = 5
	EndGlobalSection
	GlobalSection(SolutionConfigurationPlatforms) = preSolution
		Debug|Any CPU = Debug|Any CPU
		Debug|ARM = Debug|ARM
		Debug|ARM64 = Debug|ARM64
		Debug|iPhone = Debug|iPhone
		Debug|iPhoneSimulator = Debug|iPhoneSimulator
		Debug|x64 = Debug|x64
		Debug|x86 = Debug|x86
		Release|Any CPU = Release|Any CPU
		Release|ARM = Release|ARM
		Release|ARM64 = Release|ARM64
		Release|iPhone = Release|iPhone
		Release|iPhoneSimulator = Release|iPhoneSimulator
		Release|x64 = Release|x64
		Release|x86 = Release|x86
	EndGlobalSection
	GlobalSection(ProjectConfigurationPlatforms) = postSolution
		{6D225A0E-43D0-434D-A2D9-3A6CE97A847A}.Debug|Any CPU.ActiveCfg = Debug|x86
		{6D225A0E-43D0-434D-A2D9-3A6CE97A847A}.Debug|Any CPU.Build.0 = Debug|x86
		{6D225A0E-43D0-434D-A2D9-3A6CE97A847A}.Debug|Any CPU.Deploy.0 = Debug|x86
		{6D225A0E-43D0-434D-A2D9-3A6CE97A847A}.Debug|ARM.ActiveCfg = Debug|ARM
		{6D225A0E-43D0-434D-A2D9-3A6CE97A847A}.Debug|ARM.Build.0 = Debug|ARM
		{6D225A0E-43D0-434D-A2D9-3A6CE97A847A}.Debug|ARM.Deploy.0 = Debug|ARM
		{6D225A0E-43D0-434D-A2D9-3A6CE97A847A}.Debug|ARM64.ActiveCfg = Debug|ARM64
		{6D225A0E-43D0-434D-A2D9-3A6CE97A847A}.Debug|ARM64.Build.0 = Debug|ARM64
		{6D225A0E-43D0-434D-A2D9-3A6CE97A847A}.Debug|ARM64.Deploy.0 = Debug|ARM64
		{6D225A0E-43D0-434D-A2D9-3A6CE97A847A}.Debug|iPhone.ActiveCfg = Debug|x86
		{6D225A0E-43D0-434D-A2D9-3A6CE97A847A}.Debug|iPhone.Build.0 = Debug|x86
		{6D225A0E-43D0-434D-A2D9-3A6CE97A847A}.Debug|iPhone.Deploy.0 = Debug|x86
		{6D225A0E-43D0-434D-A2D9-3A6CE97A847A}.Debug|iPhoneSimulator.ActiveCfg = Debug|x86
		{6D225A0E-43D0-434D-A2D9-3A6CE97A847A}.Debug|iPhoneSimulator.Build.0 = Debug|x86
		{6D225A0E-43D0-434D-A2D9-3A6CE97A847A}.Debug|iPhoneSimulator.Deploy.0 = Debug|x86
		{6D225A0E-43D0-434D-A2D9-3A6CE97A847A}.Debug|x64.ActiveCfg = Debug|x64
		{6D225A0E-43D0-434D-A2D9-3A6CE97A847A}.Debug|x64.Build.0 = Debug|x64
		{6D225A0E-43D0-434D-A2D9-3A6CE97A847A}.Debug|x64.Deploy.0 = Debug|x64
		{6D225A0E-43D0-434D-A2D9-3A6CE97A847A}.Debug|x86.ActiveCfg = Debug|x86
		{6D225A0E-43D0-434D-A2D9-3A6CE97A847A}.Debug|x86.Build.0 = Debug|x86
		{6D225A0E-43D0-434D-A2D9-3A6CE97A847A}.Debug|x86.Deploy.0 = Debug|x86
		{6D225A0E-43D0-434D-A2D9-3A6CE97A847A}.Release|Any CPU.ActiveCfg = Release|x86
		{6D225A0E-43D0-434D-A2D9-3A6CE97A847A}.Release|ARM.ActiveCfg = Release|ARM
		{6D225A0E-43D0-434D-A2D9-3A6CE97A847A}.Release|ARM.Build.0 = Release|ARM
		{6D225A0E-43D0-434D-A2D9-3A6CE97A847A}.Release|ARM.Deploy.0 = Release|ARM
		{6D225A0E-43D0-434D-A2D9-3A6CE97A847A}.Release|ARM64.ActiveCfg = Release|ARM64
		{6D225A0E-43D0-434D-A2D9-3A6CE97A847A}.Release|ARM64.Build.0 = Release|ARM64
		{6D225A0E-43D0-434D-A2D9-3A6CE97A847A}.Release|ARM64.Deploy.0 = Release|ARM64
		{6D225A0E-43D0-434D-A2D9-3A6CE97A847A}.Release|iPhone.ActiveCfg = Release|x86
		{6D225A0E-43D0-434D-A2D9-3A6CE97A847A}.Release|iPhone.Build.0 = Release|x86
		{6D225A0E-43D0-434D-A2D9-3A6CE97A847A}.Release|iPhoneSimulator.ActiveCfg = Release|x86
		{6D225A0E-43D0-434D-A2D9-3A6CE97A847A}.Release|iPhoneSimulator.Build.0 = Release|x86
		{6D225A0E-43D0-434D-A2D9-3A6CE97A847A}.Release|iPhoneSimulator.Deploy.0 = Release|x86
		{6D225A0E-43D0-434D-A2D9-3A6CE97A847A}.Release|x64.ActiveCfg = Release|x64
		{6D225A0E-43D0-434D-A2D9-3A6CE97A847A}.Release|x64.Build.0 = Release|x64
		{6D225A0E-43D0-434D-A2D9-3A6CE97A847A}.Release|x64.Deploy.0 = Release|x64
		{6D225A0E-43D0-434D-A2D9-3A6CE97A847A}.Release|x86.ActiveCfg = Release|x86
		{6D225A0E-43D0-434D-A2D9-3A6CE97A847A}.Release|x86.Build.0 = Release|x86
		{6D225A0E-43D0-434D-A2D9-3A6CE97A847A}.Release|x86.Deploy.0 = Release|x86
		{5BD4E465-5A1F-4840-87FD-2ECD2F48EC2F}.Debug|Any CPU.ActiveCfg = Debug|iPhoneSimulator
		{5BD4E465-5A1F-4840-87FD-2ECD2F48EC2F}.Debug|Any CPU.Build.0 = Debug|iPhoneSimulator
		{5BD4E465-5A1F-4840-87FD-2ECD2F48EC2F}.Debug|ARM.ActiveCfg = Debug|iPhoneSimulator
		{5BD4E465-5A1F-4840-87FD-2ECD2F48EC2F}.Debug|ARM64.ActiveCfg = Debug|iPhoneSimulator
		{5BD4E465-5A1F-4840-87FD-2ECD2F48EC2F}.Debug|iPhone.ActiveCfg = Debug|iPhoneSimulator
		{5BD4E465-5A1F-4840-87FD-2ECD2F48EC2F}.Debug|iPhone.Build.0 = Debug|iPhoneSimulator
		{5BD4E465-5A1F-4840-87FD-2ECD2F48EC2F}.Debug|iPhoneSimulator.ActiveCfg = Debug|iPhoneSimulator
		{5BD4E465-5A1F-4840-87FD-2ECD2F48EC2F}.Debug|iPhoneSimulator.Build.0 = Debug|iPhoneSimulator
		{5BD4E465-5A1F-4840-87FD-2ECD2F48EC2F}.Debug|x64.ActiveCfg = Debug|iPhoneSimulator
		{5BD4E465-5A1F-4840-87FD-2ECD2F48EC2F}.Debug|x64.Build.0 = Debug|iPhoneSimulator
		{5BD4E465-5A1F-4840-87FD-2ECD2F48EC2F}.Debug|x86.ActiveCfg = Debug|iPhoneSimulator
		{5BD4E465-5A1F-4840-87FD-2ECD2F48EC2F}.Debug|x86.Build.0 = Debug|iPhoneSimulator
		{5BD4E465-5A1F-4840-87FD-2ECD2F48EC2F}.Release|Any CPU.ActiveCfg = Release|iPhoneSimulator
		{5BD4E465-5A1F-4840-87FD-2ECD2F48EC2F}.Release|ARM.ActiveCfg = Release|iPhoneSimulator
		{5BD4E465-5A1F-4840-87FD-2ECD2F48EC2F}.Release|ARM64.ActiveCfg = Release|iPhoneSimulator
		{5BD4E465-5A1F-4840-87FD-2ECD2F48EC2F}.Release|iPhone.ActiveCfg = Release|iPhoneSimulator
		{5BD4E465-5A1F-4840-87FD-2ECD2F48EC2F}.Release|iPhone.Build.0 = Release|iPhoneSimulator
		{5BD4E465-5A1F-4840-87FD-2ECD2F48EC2F}.Release|iPhoneSimulator.ActiveCfg = Release|iPhoneSimulator
		{5BD4E465-5A1F-4840-87FD-2ECD2F48EC2F}.Release|iPhoneSimulator.Build.0 = Release|iPhoneSimulator
		{5BD4E465-5A1F-4840-87FD-2ECD2F48EC2F}.Release|x64.ActiveCfg = Release|iPhoneSimulator
		{5BD4E465-5A1F-4840-87FD-2ECD2F48EC2F}.Release|x64.Build.0 = Release|iPhoneSimulator
		{5BD4E465-5A1F-4840-87FD-2ECD2F48EC2F}.Release|x86.ActiveCfg = Release|iPhoneSimulator
		{5BD4E465-5A1F-4840-87FD-2ECD2F48EC2F}.Release|x86.Build.0 = Release|iPhoneSimulator
		{A5B8155A-118F-4794-B551-C6F3CF7E5411}.Debug|Any CPU.ActiveCfg = Debug|Any CPU
		{A5B8155A-118F-4794-B551-C6F3CF7E5411}.Debug|Any CPU.Build.0 = Debug|Any CPU
		{A5B8155A-118F-4794-B551-C6F3CF7E5411}.Debug|ARM.ActiveCfg = Debug|Any CPU
		{A5B8155A-118F-4794-B551-C6F3CF7E5411}.Debug|ARM.Build.0 = Debug|Any CPU
		{A5B8155A-118F-4794-B551-C6F3CF7E5411}.Debug|ARM64.ActiveCfg = Debug|Any CPU
		{A5B8155A-118F-4794-B551-C6F3CF7E5411}.Debug|ARM64.Build.0 = Debug|Any CPU
		{A5B8155A-118F-4794-B551-C6F3CF7E5411}.Debug|iPhone.ActiveCfg = Debug|Any CPU
		{A5B8155A-118F-4794-B551-C6F3CF7E5411}.Debug|iPhone.Build.0 = Debug|Any CPU
		{A5B8155A-118F-4794-B551-C6F3CF7E5411}.Debug|iPhoneSimulator.ActiveCfg = Debug|Any CPU
		{A5B8155A-118F-4794-B551-C6F3CF7E5411}.Debug|iPhoneSimulator.Build.0 = Debug|Any CPU
		{A5B8155A-118F-4794-B551-C6F3CF7E5411}.Debug|x64.ActiveCfg = Debug|Any CPU
		{A5B8155A-118F-4794-B551-C6F3CF7E5411}.Debug|x64.Build.0 = Debug|Any CPU
		{A5B8155A-118F-4794-B551-C6F3CF7E5411}.Debug|x86.ActiveCfg = Debug|Any CPU
		{A5B8155A-118F-4794-B551-C6F3CF7E5411}.Debug|x86.Build.0 = Debug|Any CPU
		{A5B8155A-118F-4794-B551-C6F3CF7E5411}.Release|Any CPU.ActiveCfg = Release|Any CPU
		{A5B8155A-118F-4794-B551-C6F3CF7E5411}.Release|Any CPU.Build.0 = Release|Any CPU
		{A5B8155A-118F-4794-B551-C6F3CF7E5411}.Release|ARM.ActiveCfg = Release|Any CPU
		{A5B8155A-118F-4794-B551-C6F3CF7E5411}.Release|ARM.Build.0 = Release|Any CPU
		{A5B8155A-118F-4794-B551-C6F3CF7E5411}.Release|ARM64.ActiveCfg = Release|Any CPU
		{A5B8155A-118F-4794-B551-C6F3CF7E5411}.Release|ARM64.Build.0 = Release|Any CPU
		{A5B8155A-118F-4794-B551-C6F3CF7E5411}.Release|iPhone.ActiveCfg = Release|Any CPU
		{A5B8155A-118F-4794-B551-C6F3CF7E5411}.Release|iPhone.Build.0 = Release|Any CPU
		{A5B8155A-118F-4794-B551-C6F3CF7E5411}.Release|iPhoneSimulator.ActiveCfg = Release|Any CPU
		{A5B8155A-118F-4794-B551-C6F3CF7E5411}.Release|iPhoneSimulator.Build.0 = Release|Any CPU
		{A5B8155A-118F-4794-B551-C6F3CF7E5411}.Release|x64.ActiveCfg = Release|Any CPU
		{A5B8155A-118F-4794-B551-C6F3CF7E5411}.Release|x64.Build.0 = Release|Any CPU
		{A5B8155A-118F-4794-B551-C6F3CF7E5411}.Release|x86.ActiveCfg = Release|Any CPU
		{A5B8155A-118F-4794-B551-C6F3CF7E5411}.Release|x86.Build.0 = Release|Any CPU
	EndGlobalSection
	GlobalSection(SolutionProperties) = preSolution
		HideSolutionNode = FALSE
	EndGlobalSection
	GlobalSection(ExtensibilityGlobals) = postSolution
		SolutionGuid = {C7433AE2-B1A0-4C1A-887E-5CAA7AAF67A6}
	EndGlobalSection
EndGlobal
